<?xml version="1.0" encoding="utf-8"?>
<Project ToolsVersion="4.0" xmlns="http://schemas.microsoft.com/developer/msbuild/2003">
  <ItemGroup>
    <ClCompile Include="Source\Log.cpp">
      <Filter>Source\Utils</Filter>
    </ClCompile>
    <ClCompile Include="Source\External\PugiXml\src\pugixml.cpp">
      <Filter>Source\External\PugiXml</Filter>
    </ClCompile>
    <ClCompile Include="Source\Audio.cpp">
      <Filter>Source\Core</Filter>
    </ClCompile>
    <ClCompile Include="Source\Input.cpp">
      <Filter>Source\Core</Filter>
    </ClCompile>
    <ClCompile Include="Source\Window.cpp">
      <Filter>Source\Core</Filter>
    </ClCompile>
    <ClCompile Include="Source\Textures.cpp">
      <Filter>Source\Core</Filter>
    </ClCompile>
    <ClCompile Include="Source\Render.cpp">
      <Filter>Source\Core</Filter>
    </ClCompile>
    <ClCompile Include="Source\App.cpp">
      <Filter>Source\Application</Filter>
    </ClCompile>
    <ClCompile Include="Source\Main.cpp">
      <Filter>Source\Application</Filter>
    </ClCompile>
    <ClCompile Include="Source\Map.cpp">
      <Filter>Source\Gameplay</Filter>
    </ClCompile>
    <ClCompile Include="Source\Physics.cpp">
      <Filter>Source\Gameplay</Filter>
    </ClCompile>
    <ClCompile Include="Source\SceneLevel1.cpp">
      <Filter>Source\Gameplay\Scenes</Filter>
    </ClCompile>
    <ClCompile Include="Source\ModuleFadeToBlack.cpp">
      <Filter>Source\Core</Filter>
    </ClCompile>
    <ClCompile Include="Source\SceneIntro.cpp">
      <Filter>Source\Gameplay\Scenes</Filter>
    </ClCompile>
    <ClCompile Include="Source\SceneMenu.cpp">
      <Filter>Source\Gameplay\Scenes</Filter>
    </ClCompile>
    <ClCompile Include="Source\Pathfinding.cpp">
      <Filter>Source\Core</Filter>
    </ClCompile>
    <ClCompile Include="Source\SceneLevel2.cpp">
      <Filter>Source\Gameplay\Scenes</Filter>
    </ClCompile>
    <ClCompile Include="Source\EntityManager.cpp">
      <Filter>Source\Gameplay\Entities</Filter>
    </ClCompile>
    <ClCompile Include="Source\Item.cpp">
      <Filter>Source\Gameplay\Entities</Filter>
    </ClCompile>
    <ClCompile Include="Source\Player.cpp">
      <Filter>Source\Gameplay\Entities</Filter>
    </ClCompile>
    <ClCompile Include="Source\FlyingEnemy.cpp">
      <Filter>Source\Gameplay\Entities</Filter>
    </ClCompile>
    <ClCompile Include="Source\TerrestreEnemyBig.cpp">
      <Filter>Source\Gameplay\Entities</Filter>
    </ClCompile>
    <ClCompile Include="Source\TerrestreEnemySmall.cpp">
      <Filter>Source\Gameplay\Entities</Filter>
    </ClCompile>
  </ItemGroup>
  <ItemGroup>
    <ClInclude Include="Source\Defs.h">
      <Filter>Source\Utils</Filter>
    </ClInclude>
    <ClInclude Include="Source\DynArray.h">
      <Filter>Source\Utils</Filter>
    </ClInclude>
    <ClInclude Include="Source\List.h">
      <Filter>Source\Utils</Filter>
    </ClInclude>
    <ClInclude Include="Source\Log.h">
      <Filter>Source\Utils</Filter>
    </ClInclude>
    <ClInclude Include="Source\Point.h">
      <Filter>Source\Utils</Filter>
    </ClInclude>
    <ClInclude Include="Source\SString.h">
      <Filter>Source\Utils</Filter>
    </ClInclude>
    <ClInclude Include="Source\External\PugiXml\src\pugiconfig.hpp">
      <Filter>Source\External\PugiXml</Filter>
    </ClInclude>
    <ClInclude Include="Source\External\PugiXml\src\pugixml.hpp">
      <Filter>Source\External\PugiXml</Filter>
    </ClInclude>
    <ClInclude Include="Source\Queue.h">
      <Filter>Source\Utils</Filter>
    </ClInclude>
    <ClInclude Include="Source\Audio.h">
      <Filter>Source\Core</Filter>
    </ClInclude>
    <ClInclude Include="Source\Input.h">
      <Filter>Source\Core</Filter>
    </ClInclude>
    <ClInclude Include="Source\Window.h">
      <Filter>Source\Core</Filter>
    </ClInclude>
    <ClInclude Include="Source\Textures.h">
      <Filter>Source\Core</Filter>
    </ClInclude>
    <ClInclude Include="Source\Render.h">
      <Filter>Source\Core</Filter>
    </ClInclude>
    <ClInclude Include="Source\App.h">
      <Filter>Source\Application</Filter>
    </ClInclude>
    <ClInclude Include="Source\Map.h">
      <Filter>Source\Gameplay</Filter>
    </ClInclude>
    <ClInclude Include="Source\Physics.h">
      <Filter>Source\Gameplay</Filter>
    </ClInclude>
    <ClInclude Include="Source\SceneLevel1.h">
      <Filter>Source\Gameplay\Scenes</Filter>
    </ClInclude>
    <ClInclude Include="Source\ModuleFadeToBlack.h">
      <Filter>Source\Core</Filter>
    </ClInclude>
    <ClInclude Include="Source\Entity.h">
      <Filter>Source\Gameplay\Headers</Filter>
    </ClInclude>
    <ClInclude Include="Source\Module.h">
      <Filter>Source\Gameplay\Headers</Filter>
    </ClInclude>
    <ClInclude Include="Source\Animation.h">
      <Filter>Source\Gameplay\Headers</Filter>
    </ClInclude>
    <ClInclude Include="Source\SceneIntro.h">
      <Filter>Source\Gameplay\Scenes</Filter>
    </ClInclude>
    <ClInclude Include="Source\SceneMenu.h">
      <Filter>Source\Gameplay\Scenes</Filter>
    </ClInclude>
    <ClInclude Include="Source\Pathfinding.h">
      <Filter>Source\Core</Filter>
    </ClInclude>
    <ClInclude Include="Source\MemLeaks.h">
      <Filter>Source\Utils</Filter>
    </ClInclude>
    <ClInclude Include="Source\SceneLevel2.h">
      <Filter>Source\Gameplay\Scenes</Filter>
    </ClInclude>
    <ClInclude Include="resource.h" />
    <ClInclude Include="Source\EntityManager.h">
      <Filter>Source\Gameplay\Entities</Filter>
    </ClInclude>
    <ClInclude Include="Source\Item.h">
      <Filter>Source\Gameplay\Entities</Filter>
    </ClInclude>
    <ClInclude Include="Source\Player.h">
      <Filter>Source\Gameplay\Entities</Filter>
    </ClInclude>
    <ClInclude Include="Source\FlyingEnemy.h">
      <Filter>Source\Gameplay\Entities</Filter>
    </ClInclude>
    <ClInclude Include="Source\TerrestreEnemyBig.h">
      <Filter>Source\Gameplay\Entities</Filter>
    </ClInclude>
    <ClInclude Include="Source\TerrestreEnemySmall.h">
      <Filter>Source\Gameplay\Entities</Filter>
    </ClInclude>
  </ItemGroup>
  <ItemGroup>
    <Filter Include="Source">
      <UniqueIdentifier>{d1f84d0c-acfd-4d1a-93be-7adef423ece4}</UniqueIdentifier>
    </Filter>
    <Filter Include="Source\Utils">
      <UniqueIdentifier>{2cad778a-d356-48b0-9fee-587f1bbb187e}</UniqueIdentifier>
    </Filter>
    <Filter Include="Source\Gameplay">
      <UniqueIdentifier>{dbfcc609-0928-4e16-9d86-ade331273f71}</UniqueIdentifier>
    </Filter>
    <Filter Include="Source\Gameplay\Scenes">
      <UniqueIdentifier>{de7a6609-6548-47b0-b5ea-6cb9314097b6}</UniqueIdentifier>
    </Filter>
    <Filter Include="Source\Application">
      <UniqueIdentifier>{535e8337-e627-467c-aeed-b8facd3ba02c}</UniqueIdentifier>
    </Filter>
    <Filter Include="Source\Core">
      <UniqueIdentifier>{8b66e5b5-eea1-4570-8056-3740e987acfa}</UniqueIdentifier>
    </Filter>
    <Filter Include="Source\External">
      <UniqueIdentifier>{83a966c7-b4bb-4eff-9c2c-3ff3c7b55a60}</UniqueIdentifier>
    </Filter>
    <Filter Include="Source\External\PugiXml">
      <UniqueIdentifier>{2855ff7f-53a1-413d-a75b-18b4ade921dd}</UniqueIdentifier>
    </Filter>
    <Filter Include="Source\Gameplay\Headers">
      <UniqueIdentifier>{e5528f7f-4ee5-4a82-b5b7-c7632625ebc8}</UniqueIdentifier>
    </Filter>
    <Filter Include="Source\Gameplay\Entities">
      <UniqueIdentifier>{5b6a391e-ce0a-457d-a0b8-503c3d47afc3}</UniqueIdentifier>
    </Filter>
  </ItemGroup>
  <ItemGroup>
    <ResourceCompile Include="Game.rc" />
  </ItemGroup>
  <ItemGroup>
    <Image Include="..\Output\Assets\Icon\Ionia_Tale_icon.ico" />
  </ItemGroup>
</Project>